{
    "_readme": [
        "This file locks the dependencies of your project to a known state",
        "Read more about it at https://getcomposer.org/doc/01-basic-usage.md#installing-dependencies",
        "This file is @generated automatically"
    ],
    "content-hash": "790df0a27ca602cb8a309d323d5e43c7",
    "packages": [
        {
            "name": "comely-io/data-types",
            "version": "1.0.34",
            "source": {
                "type": "git",
                "url": "https://github.com/comely-io/data-types.git",
                "reference": "833ecf364a99aa5cd161e0ebd1191860921834c6"
            },
            "dist": {
                "type": "zip",
                "url": "https://api.github.com/repos/comely-io/data-types/zipball/833ecf364a99aa5cd161e0ebd1191860921834c6",
                "reference": "833ecf364a99aa5cd161e0ebd1191860921834c6",
                "shasum": ""
            },
            "require": {
                "ext-bcmath": "*",
                "ext-mbstring": "*",
                "php": "^7.2"
            },
            "type": "library",
            "autoload": {
                "psr-4": {
                    "Comely\\DataTypes\\": [
                        "src"
                    ]
                }
            },
            "notification-url": "https://packagist.org/downloads/",
            "license": [
                "MIT"
            ],
            "authors": [
                {
                    "name": "Furqan A. Siddiqui",
                    "email": "hello@furqansiddiqui.com",
                    "homepage": "https://www.furqansiddiqui.com",
                    "role": "Author"
                }
            ],
            "description": "PHP data types",
            "homepage": "https://github.com/comely-io/data-types",
            "time": "2020-06-07T14:02:53+00:00"
        },
        {
            "name": "comely-io/http",
            "version": "1.0.47",
            "source": {
                "type": "git",
                "url": "https://github.com/comely-io/http.git",
                "reference": "35691b7bf6fc8ac07ab3eab6ee0d17c114fdfeb2"
            },
            "dist": {
                "type": "zip",
                "url": "https://api.github.com/repos/comely-io/http/zipball/35691b7bf6fc8ac07ab3eab6ee0d17c114fdfeb2",
                "reference": "35691b7bf6fc8ac07ab3eab6ee0d17c114fdfeb2",
                "shasum": ""
            },
            "require": {
                "comely-io/data-types": "^1.0.21",
                "comely-io/utils": "^1.0.10",
                "ext-curl": "*",
                "ext-json": "*",
                "php": "^7.1"
            },
            "type": "library",
            "autoload": {
                "psr-4": {
                    "Comely\\Http\\": [
                        "src"
                    ]
                }
            },
            "notification-url": "https://packagist.org/downloads/",
            "license": [
                "MIT"
            ],
            "authors": [
                {
                    "name": "Furqan A. Siddiqui",
                    "email": "hello@furqansiddiqui.com",
                    "homepage": "https://www.furqansiddiqui.com",
                    "role": "Author"
                }
            ],
            "description": "HTTP component for Comely Apps",
            "homepage": "https://github.com/comely-io/http",
            "time": "2020-06-30T07:54:58+00:00"
        },
        {
            "name": "comely-io/utils",
            "version": "1.2.10",
            "source": {
                "type": "git",
                "url": "https://github.com/comely-io/utils.git",
                "reference": "a831cd812d6b1ab0dcefe4313a1d2d18d8076da8"
            },
            "dist": {
                "type": "zip",
                "url": "https://api.github.com/repos/comely-io/utils/zipball/a831cd812d6b1ab0dcefe4313a1d2d18d8076da8",
                "reference": "a831cd812d6b1ab0dcefe4313a1d2d18d8076da8",
                "shasum": ""
            },
            "require": {
                "comely-io/data-types": "^1.0.23",
                "ext-openssl": "*",
                "php": "^7.1"
            },
            "type": "library",
            "autoload": {
                "psr-4": {
                    "Comely\\Utils\\": [
                        "src"
                    ]
                }
            },
            "notification-url": "https://packagist.org/downloads/",
            "license": [
                "MIT"
            ],
            "authors": [
                {
                    "name": "Furqan A. Siddiqui",
                    "email": "hello@furqansiddiqui.com",
                    "homepage": "https://www.furqansiddiqui.com",
                    "role": "Author"
                }
            ],
            "description": "Utilities for Comely Apps",
            "homepage": "https://github.com/comely-io/utils",
            "time": "2019-11-12T05:59:53+00:00"
        },
        {
            "name": "deemru/blake2b",
            "version": "1.0.1",
            "source": {
                "type": "git",
                "url": "https://github.com/deemru/Blake2b.git",
                "reference": "d7bd270d820fcad53b9a30a620075f4039cd6967"
            },
            "dist": {
                "type": "zip",
                "url": "https://api.github.com/repos/deemru/Blake2b/zipball/d7bd270d820fcad53b9a30a620075f4039cd6967",
                "reference": "d7bd270d820fcad53b9a30a620075f4039cd6967",
                "shasum": ""
            },
            "require": {
                "php": ">=5.4"
            },
            "type": "library",
            "autoload": {
                "psr-4": {
                    "deemru\\": "src/"
                }
            },
            "notification-url": "https://packagist.org/downloads/",
            "license": [
                "MIT"
            ],
            "authors": [
                {
                    "name": "Dmitrii Pichulin",
                    "email": "deem@deem.ru"
                }
            ],
            "description": "BLAKE2 hash function on pure PHP",
            "homepage": "https://github.com/deemru/Blake2b",
            "keywords": [
                "BLAKE2",
                "BLAKE2b",
                "blake2b256",
                "hash",
                "wavesplatform"
            ],
            "time": "2019-02-03T14:36:24+00:00"
        },
        {
            "name": "furqansiddiqui/ecdsa-php",
            "version": "0.1.8",
            "source": {
                "type": "git",
                "url": "https://github.com/furqansiddiqui/ecdsa-php.git",
                "reference": "e187013e253d162fdf7a7e980c34465ca515830a"
            },
            "dist": {
                "type": "zip",
                "url": "https://api.github.com/repos/furqansiddiqui/ecdsa-php/zipball/e187013e253d162fdf7a7e980c34465ca515830a",
                "reference": "e187013e253d162fdf7a7e980c34465ca515830a",
                "shasum": ""
            },
            "require": {
                "comely-io/data-types": "^1.0.30",
                "ext-bcmath": "*",
                "ext-gmp": "*",
                "ext-openssl": "*",
                "php-64bit": "^7.2"
            },
            "type": "library",
            "autoload": {
                "psr-4": {
                    "FurqanSiddiqui\\ECDSA\\": [
                        "src"
                    ]
                }
            },
            "notification-url": "https://packagist.org/downloads/",
            "license": [
                "MIT"
            ],
            "authors": [
                {
                    "name": "Furqan A. Siddiqui",
                    "email": "hello@furqansiddiqui.com",
                    "homepage": "https://www.furqansiddiqui.com",
                    "role": "Author"
                }
            ],
            "description": "ECDSA (Elliptic Curves) lib for PHP",
            "homepage": "https://github.com/furqansiddiqui/ecdsa-php",
            "time": "2020-01-08T17:38:47+00:00"
        },
        {
            "name": "web3p/rlp",
            "version": "0.3.2",
            "source": {
                "type": "git",
                "url": "https://github.com/web3p/rlp.git",
                "reference": "bc9e29f7a1f658408f25322ea21ff5687a851470"
            },
            "dist": {
                "type": "zip",
                "url": "https://api.github.com/repos/web3p/rlp/zipball/bc9e29f7a1f658408f25322ea21ff5687a851470",
                "reference": "bc9e29f7a1f658408f25322ea21ff5687a851470",
                "shasum": ""
            },
            "require-dev": {
                "phpunit/phpunit": "~7"
            },
            "type": "library",
            "autoload": {
                "psr-4": {
                    "Web3p\\RLP\\": "src/"
                }
            },
            "notification-url": "https://packagist.org/downloads/",
            "license": [
                "MIT"
            ],
            "authors": [
                {
                    "name": "sc0Vu",
                    "email": "alk03073135@gmail.com"
                }
            ],
            "description": "Recursive Length Prefix Encoding in PHP.",
            "time": "2019-11-23T08:20:30+00:00"
        }
    ],
    "packages-dev": [],
    "aliases": [],
    "minimum-stability": "stable",
    "stability-flags": [],
    "prefer-stable": false,
    "prefer-lowest": false,
    "platform": [],
    "platform-dev": [],
    "plugin-api-version": "1.1.0"
}
